
Microsoft Visual Studio Solution File, Format Version 12.00
# Visual Studio Version 16
VisualStudioVersion = 16.0.30907.101
MinimumVisualStudioVersion = 10.0.40219.1
Project("{FAE04EC0-301F-11D3-BF4B-00C04F79EFBC}") = "Calculadora_ProgramacionOrientadaAObjeto_Tarea", "Calculadora_ProgramacionOrientadaAObjeto_Tarea.csproj", "{FF212AB5-A74D-44E2-8070-A1AE9B4290E2}"
EndProject
Global
	GlobalSection(SolutionConfigurationPlatforms) = preSolution
		Debug|Any CPU = Debug|Any CPU
		Release|Any CPU = Release|Any CPU
	EndGlobalSection
	GlobalSection(ProjectConfigurationPlatforms) = postSolution
		{FF212AB5-A74D-44E2-8070-A1AE9B4290E2}.Debug|Any CPU.ActiveCfg = Debug|Any CPU
		{FF212AB5-A74D-44E2-8070-A1AE9B4290E2}.Debug|Any CPU.Build.0 = Debug|Any CPU
		{FF212AB5-A74D-44E2-8070-A1AE9B4290E2}.Release|Any CPU.ActiveCfg = Release|Any CPU
		{FF212AB5-A74D-44E2-8070-A1AE9B4290E2}.Release|Any CPU.Build.0 = Release|Any CPU
	EndGlobalSection
	GlobalSection(SolutionProperties) = preSolution
		HideSolutionNode = FALSE
	EndGlobalSection
	GlobalSection(ExtensibilityGlobals) = postSolution
		SolutionGuid = {7671F3B8-DDEB-46AB-ABB0-7F3BF2B65A33}
	EndGlobalSection
EndGlobal
